// !$*UTF8*$!
{
	archiveVersion = 1;
	classes = {
	};
	objectVersion = 46;
	objects = {

/* Begin PBXBuildFile section */
		01F8267F8249EFBD80751987 /* Models.swift in Sources */ = {isa = PBXBuildFile; fileRef = FF7B1B0A43F86CBBC9BFE278 /* Models.swift */; };
		0ED6801D7504624ED68FDF7B /* HeatWaveImageIntelligenceMacApp.swift in Sources */ = {isa = PBXBuildFile; fileRef = 814757D7733C7EE712081E3E /* HeatWaveImageIntelligenceMacApp.swift */; };
		116214E5C95E3985132708CC /* UploadSheetView.swift in Sources */ = {isa = PBXBuildFile; fileRef = C7F513FD4FA41554B17452E2 /* UploadSheetView.swift */; };
		17F871CE5F247A6A8D743E10 /* Assets.xcassets in Resources */ = {isa = PBXBuildFile; fileRef = 402E5A7D2DB7B57B2B57A26A /* Assets.xcassets */; };
		4B8A944B509E76D8DCB39154 /* HeatWaveImageClientCore.framework in Embed Frameworks */ = {isa = PBXBuildFile; fileRef = 986418234214D6AEBBF92FC6 /* HeatWaveImageClientCore.framework */; settings = {ATTRIBUTES = (CodeSignOnCopy, RemoveHeadersOnCopy, ); }; };
		668858A632EE29706E573165 /* UploadDraft.swift in Sources */ = {isa = PBXBuildFile; fileRef = F9E10FC4404F52BC20CA45FD /* UploadDraft.swift */; };
		6CDC78B1B0358F1C2CA8E462 /* AppViewModel.swift in Sources */ = {isa = PBXBuildFile; fileRef = 2A4D22FE42A82F113433CED5 /* AppViewModel.swift */; };
		6DD344F0381552DB9ABBBDF9 /* ContentView.swift in Sources */ = {isa = PBXBuildFile; fileRef = A34DBEBB257731D12D867963 /* ContentView.swift */; };
		875C075E88E9F94F8F55D5A6 /* APIClient.swift in Sources */ = {isa = PBXBuildFile; fileRef = 8921FF96D0C4FCAEA8CFBDE8 /* APIClient.swift */; };
		CFE279F06127A4A3877A5835 /* AppSettings.swift in Sources */ = {isa = PBXBuildFile; fileRef = CFCB7DD745C2226201F905E7 /* AppSettings.swift */; };
		D16AFED259101B9B3AEB20F1 /* Cocoa.framework in Frameworks */ = {isa = PBXBuildFile; fileRef = BD384B856A19B48436C95F9E /* Cocoa.framework */; };
		D232E7AE5FD9C8D4E48A4F2A /* HeatWaveImageIntelligenceMacUITests.swift in Sources */ = {isa = PBXBuildFile; fileRef = 81FCA36BB3EAC4BA848B85D5 /* HeatWaveImageIntelligenceMacUITests.swift */; };
		E1A48D0E1D8154C37A42F46C /* SettingsView.swift in Sources */ = {isa = PBXBuildFile; fileRef = 67E536660513FC5B6F197910 /* SettingsView.swift */; };
		E5F7DE0F2E1D1E825C6600E9 /* Cocoa.framework in Frameworks */ = {isa = PBXBuildFile; fileRef = BD384B856A19B48436C95F9E /* Cocoa.framework */; };
		EF02CF8DF0662361C57B77E5 /* Cocoa.framework in Frameworks */ = {isa = PBXBuildFile; fileRef = BD384B856A19B48436C95F9E /* Cocoa.framework */; };
		F24785DCB70524E7C45C6FAA /* HeatWaveImageClientCore.framework in Frameworks */ = {isa = PBXBuildFile; fileRef = 986418234214D6AEBBF92FC6 /* HeatWaveImageClientCore.framework */; };
/* End PBXBuildFile section */

/* Begin PBXCopyFilesBuildPhase section */
		5C31DB170E511A27716B364A /* Embed Frameworks */ = {
			isa = PBXCopyFilesBuildPhase;
			buildActionMask = 2147483647;
			dstPath = "";
			dstSubfolderSpec = 10;
			files = (
				4B8A944B509E76D8DCB39154 /* HeatWaveImageClientCore.framework in Embed Frameworks */,
			);
			name = "Embed Frameworks";
			runOnlyForDeploymentPostprocessing = 0;
		};
/* End PBXCopyFilesBuildPhase section */

/* Begin PBXContainerItemProxy section */
		20AF9FD96BB24D2C6145053D /* PBXContainerItemProxy */ = {
			isa = PBXContainerItemProxy;
			containerPortal = 06E3A0F8E38A20E9E6F47E91 /* Project object */;
			proxyType = 1;
			remoteGlobalIDString = FEDD8116C396A258D8A41FEF;
			remoteInfo = HeatWaveImageIntelligenceMacApp;
		};
		E7939BBAABB0F01A3B4A7F08 /* PBXContainerItemProxy */ = {
			isa = PBXContainerItemProxy;
			containerPortal = 06E3A0F8E38A20E9E6F47E91 /* Project object */;
			proxyType = 1;
			remoteGlobalIDString = AB1E8B7ECC962F81B6C3989C;
			remoteInfo = HeatWaveImageClientCore;
		};
/* End PBXContainerItemProxy section */

/* Begin PBXFileReference section */
		0C8E77BFACB95D24CCA9121D /* HeatWaveImageIntelligenceMacUITests.xctest */ = {isa = PBXFileReference; explicitFileType = wrapper.cfbundle; includeInIndex = 0; path = HeatWaveImageIntelligenceMacUITests.xctest; sourceTree = BUILT_PRODUCTS_DIR; };
		2A4D22FE42A82F113433CED5 /* AppViewModel.swift */ = {isa = PBXFileReference; includeInIndex = 1; lastKnownFileType = sourcecode.swift; name = AppViewModel.swift; path = Sources/HeatWaveImageClientCore/AppViewModel.swift; sourceTree = "<group>"; };
		402E5A7D2DB7B57B2B57A26A /* Assets.xcassets */ = {isa = PBXFileReference; lastKnownFileType = folder.assetcatalog; name = Assets.xcassets; path = Sources/HeatWaveImageIntelligenceMac/Assets.xcassets; sourceTree = "<group>"; };
		67E536660513FC5B6F197910 /* SettingsView.swift */ = {isa = PBXFileReference; includeInIndex = 1; lastKnownFileType = sourcecode.swift; name = SettingsView.swift; path = Sources/HeatWaveImageIntelligenceMac/SettingsView.swift; sourceTree = "<group>"; };
		740C4F4E090EABA3C86DBABA /* HeatWaveImageIntelligenceMacApp.app */ = {isa = PBXFileReference; explicitFileType = wrapper.application; includeInIndex = 0; path = HeatWaveImageIntelligenceMacApp.app; sourceTree = BUILT_PRODUCTS_DIR; };
		814757D7733C7EE712081E3E /* HeatWaveImageIntelligenceMacApp.swift */ = {isa = PBXFileReference; includeInIndex = 1; lastKnownFileType = sourcecode.swift; name = HeatWaveImageIntelligenceMacApp.swift; path = Sources/HeatWaveImageIntelligenceMac/HeatWaveImageIntelligenceMacApp.swift; sourceTree = "<group>"; };
		81FCA36BB3EAC4BA848B85D5 /* HeatWaveImageIntelligenceMacUITests.swift */ = {isa = PBXFileReference; includeInIndex = 1; lastKnownFileType = sourcecode.swift; name = HeatWaveImageIntelligenceMacUITests.swift; path = UITests/HeatWaveImageIntelligenceMacUITests.swift; sourceTree = "<group>"; };
		8921FF96D0C4FCAEA8CFBDE8 /* APIClient.swift */ = {isa = PBXFileReference; includeInIndex = 1; lastKnownFileType = sourcecode.swift; name = APIClient.swift; path = Sources/HeatWaveImageClientCore/APIClient.swift; sourceTree = "<group>"; };
		986418234214D6AEBBF92FC6 /* HeatWaveImageClientCore.framework */ = {isa = PBXFileReference; explicitFileType = wrapper.framework; includeInIndex = 0; path = HeatWaveImageClientCore.framework; sourceTree = BUILT_PRODUCTS_DIR; };
		A34DBEBB257731D12D867963 /* ContentView.swift */ = {isa = PBXFileReference; includeInIndex = 1; lastKnownFileType = sourcecode.swift; name = ContentView.swift; path = Sources/HeatWaveImageIntelligenceMac/ContentView.swift; sourceTree = "<group>"; };
		BD384B856A19B48436C95F9E /* Cocoa.framework */ = {isa = PBXFileReference; lastKnownFileType = wrapper.framework; name = Cocoa.framework; path = Platforms/MacOSX.platform/Developer/SDKs/MacOSX15.0.sdk/System/Library/Frameworks/Cocoa.framework; sourceTree = DEVELOPER_DIR; };
		C7F513FD4FA41554B17452E2 /* UploadSheetView.swift */ = {isa = PBXFileReference; includeInIndex = 1; lastKnownFileType = sourcecode.swift; name = UploadSheetView.swift; path = Sources/HeatWaveImageIntelligenceMac/UploadSheetView.swift; sourceTree = "<group>"; };
		CFCB7DD745C2226201F905E7 /* AppSettings.swift */ = {isa = PBXFileReference; includeInIndex = 1; lastKnownFileType = sourcecode.swift; name = AppSettings.swift; path = Sources/HeatWaveImageClientCore/AppSettings.swift; sourceTree = "<group>"; };
		F9E10FC4404F52BC20CA45FD /* UploadDraft.swift */ = {isa = PBXFileReference; includeInIndex = 1; lastKnownFileType = sourcecode.swift; name = UploadDraft.swift; path = Sources/HeatWaveImageClientCore/UploadDraft.swift; sourceTree = "<group>"; };
		FF7B1B0A43F86CBBC9BFE278 /* Models.swift */ = {isa = PBXFileReference; includeInIndex = 1; lastKnownFileType = sourcecode.swift; name = Models.swift; path = Sources/HeatWaveImageClientCore/Models.swift; sourceTree = "<group>"; };
/* End PBXFileReference section */

/* Begin PBXFrameworksBuildPhase section */
		27BD15E36C28D8F6B1D65BE8 /* Frameworks */ = {
			isa = PBXFrameworksBuildPhase;
			buildActionMask = 2147483647;
			files = (
				E5F7DE0F2E1D1E825C6600E9 /* Cocoa.framework in Frameworks */,
			);
			runOnlyForDeploymentPostprocessing = 0;
		};
		508DBB0FE667C127D71355E3 /* Frameworks */ = {
			isa = PBXFrameworksBuildPhase;
			buildActionMask = 2147483647;
			files = (
				D16AFED259101B9B3AEB20F1 /* Cocoa.framework in Frameworks */,
				F24785DCB70524E7C45C6FAA /* HeatWaveImageClientCore.framework in Frameworks */,
			);
			runOnlyForDeploymentPostprocessing = 0;
		};
		6242C842F6E7CAEC18E32137 /* Frameworks */ = {
			isa = PBXFrameworksBuildPhase;
			buildActionMask = 2147483647;
			files = (
				EF02CF8DF0662361C57B77E5 /* Cocoa.framework in Frameworks */,
			);
			runOnlyForDeploymentPostprocessing = 0;
		};
/* End PBXFrameworksBuildPhase section */

/* Begin PBXGroup section */
		0CA14F72B87F36E11951C340 /* HeatWaveImageIntelligenceMac */ = {
			isa = PBXGroup;
			children = (
				402E5A7D2DB7B57B2B57A26A /* Assets.xcassets */,
				A34DBEBB257731D12D867963 /* ContentView.swift */,
				814757D7733C7EE712081E3E /* HeatWaveImageIntelligenceMacApp.swift */,
				67E536660513FC5B6F197910 /* SettingsView.swift */,
				C7F513FD4FA41554B17452E2 /* UploadSheetView.swift */,
			);
			name = HeatWaveImageIntelligenceMac;
			sourceTree = "<group>";
		};
		1D0954B27884D852772FB3A1 = {
			isa = PBXGroup;
			children = (
				F3B2E03AC08606D5249D06F8 /* Products */,
				A0DBE09A4E69DF467CD8031D /* Frameworks */,
				8E5BABA2CF0DF34F7235EF2B /* Sources */,
				7BBAA500D52F0E8D5E00BE23 /* UITests */,
			);
			sourceTree = "<group>";
		};
		27ED7D5B11068E89B1BA81B2 /* HeatWaveImageClientCore */ = {
			isa = PBXGroup;
			children = (
				8921FF96D0C4FCAEA8CFBDE8 /* APIClient.swift */,
				CFCB7DD745C2226201F905E7 /* AppSettings.swift */,
				2A4D22FE42A82F113433CED5 /* AppViewModel.swift */,
				FF7B1B0A43F86CBBC9BFE278 /* Models.swift */,
				F9E10FC4404F52BC20CA45FD /* UploadDraft.swift */,
			);
			name = HeatWaveImageClientCore;
			sourceTree = "<group>";
		};
		55770F00A1EDBCCDA5EF2746 /* OS X */ = {
			isa = PBXGroup;
			children = (
				BD384B856A19B48436C95F9E /* Cocoa.framework */,
			);
			name = "OS X";
			sourceTree = "<group>";
		};
		7BBAA500D52F0E8D5E00BE23 /* UITests */ = {
			isa = PBXGroup;
			children = (
				81FCA36BB3EAC4BA848B85D5 /* HeatWaveImageIntelligenceMacUITests.swift */,
			);
			name = UITests;
			sourceTree = "<group>";
		};
		8E5BABA2CF0DF34F7235EF2B /* Sources */ = {
			isa = PBXGroup;
			children = (
				27ED7D5B11068E89B1BA81B2 /* HeatWaveImageClientCore */,
				0CA14F72B87F36E11951C340 /* HeatWaveImageIntelligenceMac */,
			);
			name = Sources;
			sourceTree = "<group>";
		};
		A0DBE09A4E69DF467CD8031D /* Frameworks */ = {
			isa = PBXGroup;
			children = (
				55770F00A1EDBCCDA5EF2746 /* OS X */,
			);
			name = Frameworks;
			sourceTree = "<group>";
		};
		F3B2E03AC08606D5249D06F8 /* Products */ = {
			isa = PBXGroup;
			children = (
				986418234214D6AEBBF92FC6 /* HeatWaveImageClientCore.framework */,
				740C4F4E090EABA3C86DBABA /* HeatWaveImageIntelligenceMacApp.app */,
				0C8E77BFACB95D24CCA9121D /* HeatWaveImageIntelligenceMacUITests.xctest */,
			);
			name = Products;
			sourceTree = "<group>";
		};
/* End PBXGroup section */

/* Begin PBXHeadersBuildPhase section */
		FFE6172C8CA9B6B09FF5120F /* Headers */ = {
			isa = PBXHeadersBuildPhase;
			buildActionMask = 2147483647;
			files = (
			);
			runOnlyForDeploymentPostprocessing = 0;
		};
/* End PBXHeadersBuildPhase section */

/* Begin PBXNativeTarget section */
		127D19BB6FC8D3E38AEFA8E3 /* HeatWaveImageIntelligenceMacUITests */ = {
			isa = PBXNativeTarget;
			buildConfigurationList = 52F6C3811370AE36667FCB0C /* Build configuration list for PBXNativeTarget "HeatWaveImageIntelligenceMacUITests" */;
			buildPhases = (
				3D61EF1E2295E54FEB6243E8 /* Sources */,
				27BD15E36C28D8F6B1D65BE8 /* Frameworks */,
				891D230A8400817A7C41B162 /* Resources */,
			);
			buildRules = (
			);
			dependencies = (
				8E03638AEAAF4B0F748460DA /* PBXTargetDependency */,
			);
			name = HeatWaveImageIntelligenceMacUITests;
			productName = HeatWaveImageIntelligenceMacUITests;
			productReference = 0C8E77BFACB95D24CCA9121D /* HeatWaveImageIntelligenceMacUITests.xctest */;
			productType = "com.apple.product-type.bundle.ui-testing";
		};
		AB1E8B7ECC962F81B6C3989C /* HeatWaveImageClientCore */ = {
			isa = PBXNativeTarget;
			buildConfigurationList = 7681BB7E2F379A246F8ACE9B /* Build configuration list for PBXNativeTarget "HeatWaveImageClientCore" */;
			buildPhases = (
				FFE6172C8CA9B6B09FF5120F /* Headers */,
				16B5CBFD306233145B624C34 /* Sources */,
				6242C842F6E7CAEC18E32137 /* Frameworks */,
				08601820FAD8C25684FF1CFC /* Resources */,
			);
			buildRules = (
			);
			dependencies = (
			);
			name = HeatWaveImageClientCore;
			productName = HeatWaveImageClientCore;
			productReference = 986418234214D6AEBBF92FC6 /* HeatWaveImageClientCore.framework */;
			productType = "com.apple.product-type.framework";
		};
		FEDD8116C396A258D8A41FEF /* HeatWaveImageIntelligenceMacApp */ = {
			isa = PBXNativeTarget;
			buildConfigurationList = 3DFA942000334D30375777F0 /* Build configuration list for PBXNativeTarget "HeatWaveImageIntelligenceMacApp" */;
			buildPhases = (
				A7E70130A20CFB7703C57C6E /* Sources */,
				508DBB0FE667C127D71355E3 /* Frameworks */,
				5C31DB170E511A27716B364A /* Embed Frameworks */,
				1A33B4D6152680B069B87617 /* Resources */,
			);
			buildRules = (
			);
			dependencies = (
				512B145692864B6CF922F08E /* PBXTargetDependency */,
			);
			name = HeatWaveImageIntelligenceMacApp;
			productName = HeatWaveImageIntelligenceMacApp;
			productReference = 740C4F4E090EABA3C86DBABA /* HeatWaveImageIntelligenceMacApp.app */;
			productType = "com.apple.product-type.application";
		};
/* End PBXNativeTarget section */

/* Begin PBXProject section */
		06E3A0F8E38A20E9E6F47E91 /* Project object */ = {
			isa = PBXProject;
			attributes = {
				LastSwiftUpdateCheck = 1600;
				LastUpgradeCheck = 2600;
				TargetAttributes = {
					127D19BB6FC8D3E38AEFA8E3 = {
						CreatedOnToolsVersion = 26.3;
						ProvisioningStyle = Manual;
						TestTargetID = FEDD8116C396A258D8A41FEF;
					};
					AB1E8B7ECC962F81B6C3989C = {
						CreatedOnToolsVersion = 26.3;
						ProvisioningStyle = Manual;
					};
					FEDD8116C396A258D8A41FEF = {
						CreatedOnToolsVersion = 26.3;
						ProvisioningStyle = Manual;
					};
				};
			};
			buildConfigurationList = 24FAA5A6512EA44B46B5E477 /* Build configuration list for PBXProject "HeatWaveImageIntelligenceMacApp" */;
			compatibilityVersion = "Xcode 3.2";
			developmentRegion = en;
			hasScannedForEncodings = 0;
			knownRegions = (
				en,
				Base,
			);
			mainGroup = 1D0954B27884D852772FB3A1;
			minimizedProjectReferenceProxies = 0;
			preferredProjectObjectVersion = 77;
			productRefGroup = F3B2E03AC08606D5249D06F8 /* Products */;
			projectDirPath = "";
			projectRoot = "";
			targets = (
				AB1E8B7ECC962F81B6C3989C /* HeatWaveImageClientCore */,
				FEDD8116C396A258D8A41FEF /* HeatWaveImageIntelligenceMacApp */,
				127D19BB6FC8D3E38AEFA8E3 /* HeatWaveImageIntelligenceMacUITests */,
			);
		};
/* End PBXProject section */

/* Begin PBXResourcesBuildPhase section */
		08601820FAD8C25684FF1CFC /* Resources */ = {
			isa = PBXResourcesBuildPhase;
			buildActionMask = 2147483647;
			files = (
			);
			runOnlyForDeploymentPostprocessing = 0;
		};
		1A33B4D6152680B069B87617 /* Resources */ = {
			isa = PBXResourcesBuildPhase;
			buildActionMask = 2147483647;
			files = (
				17F871CE5F247A6A8D743E10 /* Assets.xcassets in Resources */,
			);
			runOnlyForDeploymentPostprocessing = 0;
		};
		891D230A8400817A7C41B162 /* Resources */ = {
			isa = PBXResourcesBuildPhase;
			buildActionMask = 2147483647;
			files = (
			);
			runOnlyForDeploymentPostprocessing = 0;
		};
/* End PBXResourcesBuildPhase section */

/* Begin PBXSourcesBuildPhase section */
		16B5CBFD306233145B624C34 /* Sources */ = {
			isa = PBXSourcesBuildPhase;
			buildActionMask = 2147483647;
			files = (
				875C075E88E9F94F8F55D5A6 /* APIClient.swift in Sources */,
				CFE279F06127A4A3877A5835 /* AppSettings.swift in Sources */,
				6CDC78B1B0358F1C2CA8E462 /* AppViewModel.swift in Sources */,
				01F8267F8249EFBD80751987 /* Models.swift in Sources */,
				668858A632EE29706E573165 /* UploadDraft.swift in Sources */,
			);
			runOnlyForDeploymentPostprocessing = 0;
		};
		3D61EF1E2295E54FEB6243E8 /* Sources */ = {
			isa = PBXSourcesBuildPhase;
			buildActionMask = 2147483647;
			files = (
				D232E7AE5FD9C8D4E48A4F2A /* HeatWaveImageIntelligenceMacUITests.swift in Sources */,
			);
			runOnlyForDeploymentPostprocessing = 0;
		};
		A7E70130A20CFB7703C57C6E /* Sources */ = {
			isa = PBXSourcesBuildPhase;
			buildActionMask = 2147483647;
			files = (
				6DD344F0381552DB9ABBBDF9 /* ContentView.swift in Sources */,
				0ED6801D7504624ED68FDF7B /* HeatWaveImageIntelligenceMacApp.swift in Sources */,
				E1A48D0E1D8154C37A42F46C /* SettingsView.swift in Sources */,
				116214E5C95E3985132708CC /* UploadSheetView.swift in Sources */,
			);
			runOnlyForDeploymentPostprocessing = 0;
		};
/* End PBXSourcesBuildPhase section */

/* Begin PBXTargetDependency section */
		512B145692864B6CF922F08E /* PBXTargetDependency */ = {
			isa = PBXTargetDependency;
			name = HeatWaveImageClientCore;
			target = AB1E8B7ECC962F81B6C3989C /* HeatWaveImageClientCore */;
			targetProxy = E7939BBAABB0F01A3B4A7F08 /* PBXContainerItemProxy */;
		};
		8E03638AEAAF4B0F748460DA /* PBXTargetDependency */ = {
			isa = PBXTargetDependency;
			name = HeatWaveImageIntelligenceMacApp;
			target = FEDD8116C396A258D8A41FEF /* HeatWaveImageIntelligenceMacApp */;
			targetProxy = 20AF9FD96BB24D2C6145053D /* PBXContainerItemProxy */;
		};
/* End PBXTargetDependency section */

/* Begin XCBuildConfiguration section */
		325D5247B584BE27FEB4EC74 /* Release */ = {
			isa = XCBuildConfiguration;
			buildSettings = {
				CC = /usr/bin/clang;
				CLANG_ENABLE_EXPLICIT_MODULES = NO;
				CODE_SIGNING_ALLOWED = YES;
				CODE_SIGNING_IDENTITY = "-";
				CODE_SIGNING_REQUIRED = YES;
				CODE_SIGN_STYLE = Automatic;
				COMBINE_HIDPI_IMAGES = YES;
				CURRENT_PROJECT_VERSION = 1;
				CXX = "/usr/bin/clang++";
				DEFINES_MODULE = YES;
				DYLIB_COMPATIBILITY_VERSION = 1;
				DYLIB_CURRENT_VERSION = 1;
				DYLIB_INSTALL_NAME_BASE = "@rpath";
				GENERATE_INFOPLIST_FILE = YES;
				INSTALL_PATH = "$(LOCAL_LIBRARY_DIR)/Frameworks";
				LD = /usr/bin/clang;
				LD_RUNPATH_SEARCH_PATHS = "$(inherited) @executable_path/../Frameworks @loader_path/Frameworks";
				MACOSX_DEPLOYMENT_TARGET = 14.0;
				PRODUCT_BUNDLE_IDENTIFIER = com.oscarden.HeatWaveImageClientCore;
				PRODUCT_NAME = HeatWaveImageClientCore;
				SDKROOT = macosx;
				SKIP_INSTALL = YES;
				SWIFT_VERSION = 6.0;
				VERSIONING_SYSTEM = "apple-generic";
				VERSION_INFO_PREFIX = "";
			};
			name = Release;
		};
		4BB8BAABBECB94632CE2520E /* Debug */ = {
			isa = XCBuildConfiguration;
			buildSettings = {
				ALWAYS_SEARCH_USER_PATHS = NO;
				CC = /usr/bin/clang;
				CLANG_ANALYZER_NONNULL = YES;
				CLANG_ANALYZER_NUMBER_OBJECT_CONVERSION = YES_AGGRESSIVE;
				CLANG_CXX_LANGUAGE_STANDARD = "gnu++14";
				CLANG_CXX_LIBRARY = "libc++";
				CLANG_ENABLE_EXPLICIT_MODULES = NO;
				CLANG_ENABLE_MODULES = YES;
				CLANG_ENABLE_OBJC_ARC = YES;
				CLANG_ENABLE_OBJC_WEAK = YES;
				CLANG_WARN_BLOCK_CAPTURE_AUTORELEASING = YES;
				CLANG_WARN_BOOL_CONVERSION = YES;
				CLANG_WARN_COMMA = YES;
				CLANG_WARN_CONSTANT_CONVERSION = YES;
				CLANG_WARN_DEPRECATED_OBJC_IMPLEMENTATIONS = YES;
				CLANG_WARN_DIRECT_OBJC_ISA_USAGE = YES_ERROR;
				CLANG_WARN_DOCUMENTATION_COMMENTS = YES;
				CLANG_WARN_EMPTY_BODY = YES;
				CLANG_WARN_ENUM_CONVERSION = YES;
				CLANG_WARN_INFINITE_RECURSION = YES;
				CLANG_WARN_INT_CONVERSION = YES;
				CLANG_WARN_NON_LITERAL_NULL_CONVERSION = YES;
				CLANG_WARN_OBJC_IMPLICIT_RETAIN_SELF = YES;
				CLANG_WARN_OBJC_LITERAL_CONVERSION = YES;
				CLANG_WARN_OBJC_ROOT_CLASS = YES_ERROR;
				CLANG_WARN_QUOTED_INCLUDE_IN_FRAMEWORK_HEADER = YES;
				CLANG_WARN_RANGE_LOOP_ANALYSIS = YES;
				CLANG_WARN_STRICT_PROTOTYPES = YES;
				CLANG_WARN_SUSPICIOUS_MOVE = YES;
				CLANG_WARN_UNGUARDED_AVAILABILITY = YES_AGGRESSIVE;
				CLANG_WARN_UNREACHABLE_CODE = YES;
				CLANG_WARN__DUPLICATE_METHOD_MATCH = YES;
				COPY_PHASE_STRIP = NO;
				CXX = "/usr/bin/clang++";
				DEBUG_INFORMATION_FORMAT = dwarf;
				ENABLE_STRICT_OBJC_MSGSEND = YES;
				ENABLE_TESTABILITY = YES;
				GCC_C_LANGUAGE_STANDARD = gnu11;
				GCC_DYNAMIC_NO_PIC = NO;
				GCC_NO_COMMON_BLOCKS = YES;
				GCC_OPTIMIZATION_LEVEL = 0;
				GCC_PREPROCESSOR_DEFINITIONS = (
					"DEBUG=1",
					"$(inherited)",
				);
				GCC_WARN_64_TO_32_BIT_CONVERSION = YES;
				GCC_WARN_ABOUT_RETURN_TYPE = YES_ERROR;
				GCC_WARN_UNDECLARED_SELECTOR = YES;
				GCC_WARN_UNINITIALIZED_AUTOS = YES_AGGRESSIVE;
				GCC_WARN_UNUSED_FUNCTION = YES;
				GCC_WARN_UNUSED_VARIABLE = YES;
				MTL_ENABLE_DEBUG_INFO = INCLUDE_SOURCE;
				MTL_FAST_MATH = YES;
				ONLY_ACTIVE_ARCH = YES;
				LD = /usr/bin/clang;
				PRODUCT_NAME = "$(TARGET_NAME)";
				SWIFT_ACTIVE_COMPILATION_CONDITIONS = DEBUG;
				SWIFT_OPTIMIZATION_LEVEL = "-Onone";
				SWIFT_VERSION = 5.0;
			};
			name = Debug;
		};
		54C007649BBDE9341F7C99EB /* Release */ = {
			isa = XCBuildConfiguration;
			buildSettings = {
				ASSETCATALOG_COMPILER_APPICON_NAME = AppIcon;
				ASSETCATALOG_COMPILER_GLOBAL_ACCENT_COLOR_NAME = AccentColor;
				CC = /usr/bin/clang;
				CLANG_ENABLE_EXPLICIT_MODULES = NO;
				CODE_SIGNING_ALLOWED = YES;
				CODE_SIGNING_IDENTITY = "-";
				CODE_SIGNING_REQUIRED = YES;
				CODE_SIGN_STYLE = Automatic;
				COMBINE_HIDPI_IMAGES = YES;
				CXX = "/usr/bin/clang++";
				CURRENT_PROJECT_VERSION = 1;
				ENABLE_HARDENED_RUNTIME = NO;
				GENERATE_INFOPLIST_FILE = YES;
				INFOPLIST_KEY_CFBundleDisplayName = "HeatWave Image Intelligence";
				INFOPLIST_KEY_LSApplicationCategoryType = "public.app-category.developer-tools";
				INFOPLIST_KEY_NSPrincipalClass = NSApplication;
				LD = /usr/bin/clang;
				LD_RUNPATH_SEARCH_PATHS = "$(inherited) @executable_path/../Frameworks @loader_path/../Frameworks";
				MACOSX_DEPLOYMENT_TARGET = 14.0;
				MARKETING_VERSION = 1.0;
				PRODUCT_BUNDLE_IDENTIFIER = com.oscarden.HeatWaveImageIntelligenceMacApp;
				PRODUCT_NAME = HeatWaveImageIntelligenceMacApp;
				SDKROOT = macosx;
				SKIP_INSTALL = NO;
				SWIFT_VERSION = 6.0;
			};
			name = Release;
		};
		6CB49B35007E7378F9F06391 /* Release */ = {
			isa = XCBuildConfiguration;
			buildSettings = {
				ALWAYS_SEARCH_USER_PATHS = NO;
				CC = /usr/bin/clang;
				CLANG_ANALYZER_NONNULL = YES;
				CLANG_ANALYZER_NUMBER_OBJECT_CONVERSION = YES_AGGRESSIVE;
				CLANG_CXX_LANGUAGE_STANDARD = "gnu++14";
				CLANG_CXX_LIBRARY = "libc++";
				CLANG_ENABLE_EXPLICIT_MODULES = NO;
				CLANG_ENABLE_MODULES = YES;
				CLANG_ENABLE_OBJC_ARC = YES;
				CLANG_ENABLE_OBJC_WEAK = YES;
				CLANG_WARN_BLOCK_CAPTURE_AUTORELEASING = YES;
				CLANG_WARN_BOOL_CONVERSION = YES;
				CLANG_WARN_COMMA = YES;
				CLANG_WARN_CONSTANT_CONVERSION = YES;
				CLANG_WARN_DEPRECATED_OBJC_IMPLEMENTATIONS = YES;
				CLANG_WARN_DIRECT_OBJC_ISA_USAGE = YES_ERROR;
				CLANG_WARN_DOCUMENTATION_COMMENTS = YES;
				CLANG_WARN_EMPTY_BODY = YES;
				CLANG_WARN_ENUM_CONVERSION = YES;
				CLANG_WARN_INFINITE_RECURSION = YES;
				CLANG_WARN_INT_CONVERSION = YES;
				CLANG_WARN_NON_LITERAL_NULL_CONVERSION = YES;
				CLANG_WARN_OBJC_IMPLICIT_RETAIN_SELF = YES;
				CLANG_WARN_OBJC_LITERAL_CONVERSION = YES;
				CLANG_WARN_OBJC_ROOT_CLASS = YES_ERROR;
				CLANG_WARN_QUOTED_INCLUDE_IN_FRAMEWORK_HEADER = YES;
				CLANG_WARN_RANGE_LOOP_ANALYSIS = YES;
				CLANG_WARN_STRICT_PROTOTYPES = YES;
				CLANG_WARN_SUSPICIOUS_MOVE = YES;
				CLANG_WARN_UNGUARDED_AVAILABILITY = YES_AGGRESSIVE;
				CLANG_WARN_UNREACHABLE_CODE = YES;
				CLANG_WARN__DUPLICATE_METHOD_MATCH = YES;
				COPY_PHASE_STRIP = NO;
				CXX = "/usr/bin/clang++";
				DEBUG_INFORMATION_FORMAT = "dwarf-with-dsym";
				ENABLE_NS_ASSERTIONS = NO;
				ENABLE_STRICT_OBJC_MSGSEND = YES;
				GCC_C_LANGUAGE_STANDARD = gnu11;
				GCC_NO_COMMON_BLOCKS = YES;
				GCC_WARN_64_TO_32_BIT_CONVERSION = YES;
				GCC_WARN_ABOUT_RETURN_TYPE = YES_ERROR;
				GCC_WARN_UNDECLARED_SELECTOR = YES;
				GCC_WARN_UNINITIALIZED_AUTOS = YES_AGGRESSIVE;
				GCC_WARN_UNUSED_FUNCTION = YES;
				GCC_WARN_UNUSED_VARIABLE = YES;
				MTL_ENABLE_DEBUG_INFO = NO;
				MTL_FAST_MATH = YES;
				LD = /usr/bin/clang;
				PRODUCT_NAME = "$(TARGET_NAME)";
				SWIFT_COMPILATION_MODE = wholemodule;
				SWIFT_OPTIMIZATION_LEVEL = "-O";
				SWIFT_VERSION = 5.0;
			};
			name = Release;
		};
		7D51F6959DA45CA19A0DCD76 /* Debug */ = {
			isa = XCBuildConfiguration;
			buildSettings = {
				CC = /usr/bin/clang;
				CLANG_ENABLE_EXPLICIT_MODULES = NO;
				CODE_SIGNING_ALLOWED = YES;
				CODE_SIGNING_IDENTITY = "-";
				CODE_SIGNING_REQUIRED = YES;
				CODE_SIGN_STYLE = Automatic;
				CXX = "/usr/bin/clang++";
				GENERATE_INFOPLIST_FILE = YES;
				INFOPLIST_KEY_CFBundleDisplayName = HeatWaveImageIntelligenceMacUITests;
				LD = /usr/bin/clang;
				MACOSX_DEPLOYMENT_TARGET = 14.0;
				PRODUCT_BUNDLE_IDENTIFIER = com.oscarden.HeatWaveImageIntelligenceMacUITests;
				PRODUCT_NAME = HeatWaveImageIntelligenceMacUITests;
				SDKROOT = macosx;
				SWIFT_VERSION = 6.0;
				TEST_TARGET_NAME = HeatWaveImageIntelligenceMacApp;
			};
			name = Debug;
		};
		8092EABFE1A7261E93B47CE3 /* Release */ = {
			isa = XCBuildConfiguration;
			buildSettings = {
				CC = /usr/bin/clang;
				CLANG_ENABLE_EXPLICIT_MODULES = NO;
				CODE_SIGNING_ALLOWED = YES;
				CODE_SIGNING_IDENTITY = "-";
				CODE_SIGNING_REQUIRED = YES;
				CODE_SIGN_STYLE = Automatic;
				CXX = "/usr/bin/clang++";
				GENERATE_INFOPLIST_FILE = YES;
				INFOPLIST_KEY_CFBundleDisplayName = HeatWaveImageIntelligenceMacUITests;
				LD = /usr/bin/clang;
				MACOSX_DEPLOYMENT_TARGET = 14.0;
				PRODUCT_BUNDLE_IDENTIFIER = com.oscarden.HeatWaveImageIntelligenceMacUITests;
				PRODUCT_NAME = HeatWaveImageIntelligenceMacUITests;
				SDKROOT = macosx;
				SWIFT_VERSION = 6.0;
				TEST_TARGET_NAME = HeatWaveImageIntelligenceMacApp;
			};
			name = Release;
		};
		B4632F9BE387FB5E05A8D34C /* Debug */ = {
			isa = XCBuildConfiguration;
			buildSettings = {
				ASSETCATALOG_COMPILER_APPICON_NAME = AppIcon;
				ASSETCATALOG_COMPILER_GLOBAL_ACCENT_COLOR_NAME = AccentColor;
				CC = /usr/bin/clang;
				CLANG_ENABLE_EXPLICIT_MODULES = NO;
				CODE_SIGNING_ALLOWED = YES;
				CODE_SIGNING_IDENTITY = "-";
				CODE_SIGNING_REQUIRED = YES;
				CODE_SIGN_STYLE = Automatic;
				COMBINE_HIDPI_IMAGES = YES;
				CURRENT_PROJECT_VERSION = 1;
				CXX = "/usr/bin/clang++";
				ENABLE_HARDENED_RUNTIME = NO;
				GENERATE_INFOPLIST_FILE = YES;
				INFOPLIST_KEY_CFBundleDisplayName = "HeatWave Image Intelligence";
				INFOPLIST_KEY_LSApplicationCategoryType = "public.app-category.developer-tools";
				INFOPLIST_KEY_NSPrincipalClass = NSApplication;
				LD = /usr/bin/clang;
				LD_RUNPATH_SEARCH_PATHS = "$(inherited) @executable_path/../Frameworks @loader_path/../Frameworks";
				MACOSX_DEPLOYMENT_TARGET = 14.0;
				MARKETING_VERSION = 1.0;
				PRODUCT_BUNDLE_IDENTIFIER = com.oscarden.HeatWaveImageIntelligenceMacApp;
				PRODUCT_NAME = HeatWaveImageIntelligenceMacApp;
				SDKROOT = macosx;
				SKIP_INSTALL = NO;
				SWIFT_VERSION = 6.0;
			};
			name = Debug;
		};
		EC551EE77B5B871147B0E8D8 /* Debug */ = {
			isa = XCBuildConfiguration;
			buildSettings = {
				CC = /usr/bin/clang;
				CLANG_ENABLE_EXPLICIT_MODULES = NO;
				CODE_SIGNING_ALLOWED = YES;
				CODE_SIGNING_IDENTITY = "-";
				CODE_SIGNING_REQUIRED = YES;
				CODE_SIGN_STYLE = Automatic;
				COMBINE_HIDPI_IMAGES = YES;
				CURRENT_PROJECT_VERSION = 1;
				CXX = "/usr/bin/clang++";
				DEFINES_MODULE = YES;
				DYLIB_COMPATIBILITY_VERSION = 1;
				DYLIB_CURRENT_VERSION = 1;
				DYLIB_INSTALL_NAME_BASE = "@rpath";
				GENERATE_INFOPLIST_FILE = YES;
				INSTALL_PATH = "$(LOCAL_LIBRARY_DIR)/Frameworks";
				LD = /usr/bin/clang;
				LD_RUNPATH_SEARCH_PATHS = "$(inherited) @executable_path/../Frameworks @loader_path/Frameworks";
				MACOSX_DEPLOYMENT_TARGET = 14.0;
				PRODUCT_BUNDLE_IDENTIFIER = com.oscarden.HeatWaveImageClientCore;
				PRODUCT_NAME = HeatWaveImageClientCore;
				SDKROOT = macosx;
				SKIP_INSTALL = YES;
				SWIFT_VERSION = 6.0;
				VERSIONING_SYSTEM = "apple-generic";
				VERSION_INFO_PREFIX = "";
			};
			name = Debug;
		};
/* End XCBuildConfiguration section */

/* Begin XCConfigurationList section */
		24FAA5A6512EA44B46B5E477 /* Build configuration list for PBXProject "HeatWaveImageIntelligenceMacApp" */ = {
			isa = XCConfigurationList;
			buildConfigurations = (
				4BB8BAABBECB94632CE2520E /* Debug */,
				6CB49B35007E7378F9F06391 /* Release */,
			);
			defaultConfigurationIsVisible = 0;
			defaultConfigurationName = Release;
		};
		3DFA942000334D30375777F0 /* Build configuration list for PBXNativeTarget "HeatWaveImageIntelligenceMacApp" */ = {
			isa = XCConfigurationList;
			buildConfigurations = (
				54C007649BBDE9341F7C99EB /* Release */,
				B4632F9BE387FB5E05A8D34C /* Debug */,
			);
			defaultConfigurationIsVisible = 0;
			defaultConfigurationName = Release;
		};
		52F6C3811370AE36667FCB0C /* Build configuration list for PBXNativeTarget "HeatWaveImageIntelligenceMacUITests" */ = {
			isa = XCConfigurationList;
			buildConfigurations = (
				8092EABFE1A7261E93B47CE3 /* Release */,
				7D51F6959DA45CA19A0DCD76 /* Debug */,
			);
			defaultConfigurationIsVisible = 0;
			defaultConfigurationName = Release;
		};
		7681BB7E2F379A246F8ACE9B /* Build configuration list for PBXNativeTarget "HeatWaveImageClientCore" */ = {
			isa = XCConfigurationList;
			buildConfigurations = (
				325D5247B584BE27FEB4EC74 /* Release */,
				EC551EE77B5B871147B0E8D8 /* Debug */,
			);
			defaultConfigurationIsVisible = 0;
			defaultConfigurationName = Release;
		};
/* End XCConfigurationList section */
	};
	rootObject = 06E3A0F8E38A20E9E6F47E91 /* Project object */;
}
